
Microsoft Visual Studio Solution File, Format Version 12.00
Project("{FAE04EC0-301F-11D3-BF4B-00C04F79EFBC}") = "WebApp", "WebApp\WebApp.csproj", "{D6B13750-8BBF-4793-A3BC-212FFCB92EC9}"
EndProject
Project("{FAE04EC0-301F-11D3-BF4B-00C04F79EFBC}") = "Domain.App", "Domain.App\Domain.App.csproj", "{1ACBD4D4-84CE-478E-B782-6BFA869DF6E8}"
EndProject
Project("{FAE04EC0-301F-11D3-BF4B-00C04F79EFBC}") = "DAL.App.EF", "DAL.App.EF\DAL.App.EF.csproj", "{BE8DD486-3150-40BF-8E95-71DBCC917919}"
EndProject
Project("{FAE04EC0-301F-11D3-BF4B-00C04F79EFBC}") = "Contracts.DAL.App", "Contracts.DAL.App\Contracts.DAL.App.csproj", "{876E8FAE-9C5D-43E6-9068-5467D56CE6D3}"
EndProject
Project("{FAE04EC0-301F-11D3-BF4B-00C04F79EFBC}") = "PublicApi.DTO.v1", "PublicApi.DTO.v1\PublicApi.DTO.v1.csproj", "{4841E33B-43CD-4BA9-AACB-4FD8CB22F670}"
EndProject
Project("{FAE04EC0-301F-11D3-BF4B-00C04F79EFBC}") = "Extensions", "Extensions\Extensions.csproj", "{FBC468EA-9ABD-445B-A6E4-9BCB7B3DF435}"
EndProject
Project("{2150E333-8FDC-42A3-9474-1A3956D46DE8}") = "BLL", "BLL", "{00CB381C-DF04-45ED-AA44-A8B2F763A8B0}"
EndProject
Project("{2150E333-8FDC-42A3-9474-1A3956D46DE8}") = "DAL", "DAL", "{A1975B35-393D-4E96-90EE-6F5E222C0D67}"
EndProject
Project("{FAE04EC0-301F-11D3-BF4B-00C04F79EFBC}") = "BLL.App", "BLL.App\BLL.App.csproj", "{9C0CABB0-255D-4643-A60A-603607BDA3C4}"
EndProject
Project("{FAE04EC0-301F-11D3-BF4B-00C04F79EFBC}") = "Contracts.BLL.App", "Contracts.BLL.App\Contracts.BLL.App.csproj", "{FB73DA18-D5A5-48FB-82A6-49386083AC54}"
EndProject
Project("{FAE04EC0-301F-11D3-BF4B-00C04F79EFBC}") = "BLL.App.DTO", "BLL.App.DTO\BLL.App.DTO.csproj", "{E61F3A64-D1EF-4478-A888-36699E55D34B}"
EndProject
Project("{FAE04EC0-301F-11D3-BF4B-00C04F79EFBC}") = "DAL.App.DTO", "DAL.App.DTO\DAL.App.DTO.csproj", "{FD9B3788-6C29-409C-B37F-F7E8ACF26A62}"
EndProject
Project("{2150E333-8FDC-42A3-9474-1A3956D46DE8}") = "DTO", "DTO", "{E9FB1FE7-199C-42D4-B933-B0219F479BD0}"
EndProject
Project("{2150E333-8FDC-42A3-9474-1A3956D46DE8}") = "DOMAIN", "DOMAIN", "{519128AA-BBA7-461B-B377-A09A74C278E1}"
EndProject
Project("{2150E333-8FDC-42A3-9474-1A3956D46DE8}") = "_Solution Items", "_Solution Items", "{75EB5AB3-C571-464F-91BE-B8A850B7F409}"
ProjectSection(SolutionItems) = preProject
	Directory.Build.props = Directory.Build.props
	WebApp\WebApp.csproj = WebApp\WebApp.csproj
	..\README.md = ..\README.md
	..\.gitignore = ..\.gitignore
	.dockerignore = .dockerignore
	Dockerfile = Dockerfile
EndProjectSection
EndProject
Global
	GlobalSection(SolutionConfigurationPlatforms) = preSolution
		Debug|Any CPU = Debug|Any CPU
		Release|Any CPU = Release|Any CPU
	EndGlobalSection
	GlobalSection(ProjectConfigurationPlatforms) = postSolution
		{D6B13750-8BBF-4793-A3BC-212FFCB92EC9}.Debug|Any CPU.ActiveCfg = Debug|Any CPU
		{D6B13750-8BBF-4793-A3BC-212FFCB92EC9}.Debug|Any CPU.Build.0 = Debug|Any CPU
		{D6B13750-8BBF-4793-A3BC-212FFCB92EC9}.Release|Any CPU.ActiveCfg = Release|Any CPU
		{D6B13750-8BBF-4793-A3BC-212FFCB92EC9}.Release|Any CPU.Build.0 = Release|Any CPU
		{1ACBD4D4-84CE-478E-B782-6BFA869DF6E8}.Debug|Any CPU.ActiveCfg = Debug|Any CPU
		{1ACBD4D4-84CE-478E-B782-6BFA869DF6E8}.Debug|Any CPU.Build.0 = Debug|Any CPU
		{1ACBD4D4-84CE-478E-B782-6BFA869DF6E8}.Release|Any CPU.ActiveCfg = Release|Any CPU
		{1ACBD4D4-84CE-478E-B782-6BFA869DF6E8}.Release|Any CPU.Build.0 = Release|Any CPU
		{BE8DD486-3150-40BF-8E95-71DBCC917919}.Debug|Any CPU.ActiveCfg = Debug|Any CPU
		{BE8DD486-3150-40BF-8E95-71DBCC917919}.Debug|Any CPU.Build.0 = Debug|Any CPU
		{BE8DD486-3150-40BF-8E95-71DBCC917919}.Release|Any CPU.ActiveCfg = Release|Any CPU
		{BE8DD486-3150-40BF-8E95-71DBCC917919}.Release|Any CPU.Build.0 = Release|Any CPU
		{876E8FAE-9C5D-43E6-9068-5467D56CE6D3}.Debug|Any CPU.ActiveCfg = Debug|Any CPU
		{876E8FAE-9C5D-43E6-9068-5467D56CE6D3}.Debug|Any CPU.Build.0 = Debug|Any CPU
		{876E8FAE-9C5D-43E6-9068-5467D56CE6D3}.Release|Any CPU.ActiveCfg = Release|Any CPU
		{876E8FAE-9C5D-43E6-9068-5467D56CE6D3}.Release|Any CPU.Build.0 = Release|Any CPU
		{4841E33B-43CD-4BA9-AACB-4FD8CB22F670}.Debug|Any CPU.ActiveCfg = Debug|Any CPU
		{4841E33B-43CD-4BA9-AACB-4FD8CB22F670}.Debug|Any CPU.Build.0 = Debug|Any CPU
		{4841E33B-43CD-4BA9-AACB-4FD8CB22F670}.Release|Any CPU.ActiveCfg = Release|Any CPU
		{4841E33B-43CD-4BA9-AACB-4FD8CB22F670}.Release|Any CPU.Build.0 = Release|Any CPU
		{FBC468EA-9ABD-445B-A6E4-9BCB7B3DF435}.Debug|Any CPU.ActiveCfg = Debug|Any CPU
		{FBC468EA-9ABD-445B-A6E4-9BCB7B3DF435}.Debug|Any CPU.Build.0 = Debug|Any CPU
		{FBC468EA-9ABD-445B-A6E4-9BCB7B3DF435}.Release|Any CPU.ActiveCfg = Release|Any CPU
		{FBC468EA-9ABD-445B-A6E4-9BCB7B3DF435}.Release|Any CPU.Build.0 = Release|Any CPU
		{9C0CABB0-255D-4643-A60A-603607BDA3C4}.Debug|Any CPU.ActiveCfg = Debug|Any CPU
		{9C0CABB0-255D-4643-A60A-603607BDA3C4}.Debug|Any CPU.Build.0 = Debug|Any CPU
		{9C0CABB0-255D-4643-A60A-603607BDA3C4}.Release|Any CPU.ActiveCfg = Release|Any CPU
		{9C0CABB0-255D-4643-A60A-603607BDA3C4}.Release|Any CPU.Build.0 = Release|Any CPU
		{FB73DA18-D5A5-48FB-82A6-49386083AC54}.Debug|Any CPU.ActiveCfg = Debug|Any CPU
		{FB73DA18-D5A5-48FB-82A6-49386083AC54}.Debug|Any CPU.Build.0 = Debug|Any CPU
		{FB73DA18-D5A5-48FB-82A6-49386083AC54}.Release|Any CPU.ActiveCfg = Release|Any CPU
		{FB73DA18-D5A5-48FB-82A6-49386083AC54}.Release|Any CPU.Build.0 = Release|Any CPU
		{E61F3A64-D1EF-4478-A888-36699E55D34B}.Debug|Any CPU.ActiveCfg = Debug|Any CPU
		{E61F3A64-D1EF-4478-A888-36699E55D34B}.Debug|Any CPU.Build.0 = Debug|Any CPU
		{E61F3A64-D1EF-4478-A888-36699E55D34B}.Release|Any CPU.ActiveCfg = Release|Any CPU
		{E61F3A64-D1EF-4478-A888-36699E55D34B}.Release|Any CPU.Build.0 = Release|Any CPU
		{FD9B3788-6C29-409C-B37F-F7E8ACF26A62}.Debug|Any CPU.ActiveCfg = Debug|Any CPU
		{FD9B3788-6C29-409C-B37F-F7E8ACF26A62}.Debug|Any CPU.Build.0 = Debug|Any CPU
		{FD9B3788-6C29-409C-B37F-F7E8ACF26A62}.Release|Any CPU.ActiveCfg = Release|Any CPU
		{FD9B3788-6C29-409C-B37F-F7E8ACF26A62}.Release|Any CPU.Build.0 = Release|Any CPU
	EndGlobalSection
	GlobalSection(NestedProjects) = preSolution
		{876E8FAE-9C5D-43E6-9068-5467D56CE6D3} = {A1975B35-393D-4E96-90EE-6F5E222C0D67}
		{BE8DD486-3150-40BF-8E95-71DBCC917919} = {A1975B35-393D-4E96-90EE-6F5E222C0D67}
		{9C0CABB0-255D-4643-A60A-603607BDA3C4} = {00CB381C-DF04-45ED-AA44-A8B2F763A8B0}
		{FB73DA18-D5A5-48FB-82A6-49386083AC54} = {00CB381C-DF04-45ED-AA44-A8B2F763A8B0}
		{E61F3A64-D1EF-4478-A888-36699E55D34B} = {00CB381C-DF04-45ED-AA44-A8B2F763A8B0}
		{FD9B3788-6C29-409C-B37F-F7E8ACF26A62} = {A1975B35-393D-4E96-90EE-6F5E222C0D67}
		{1ACBD4D4-84CE-478E-B782-6BFA869DF6E8} = {519128AA-BBA7-461B-B377-A09A74C278E1}
		{4841E33B-43CD-4BA9-AACB-4FD8CB22F670} = {E9FB1FE7-199C-42D4-B933-B0219F479BD0}
	EndGlobalSection
EndGlobal
