
Microsoft Visual Studio Solution File, Format Version 12.00
Project("{FAE04EC0-301F-11D3-BF4B-00C04F79EFBC}") = "WebApp", "WebApp\WebApp.csproj", "{5DB4F35B-6D1E-45CA-BE65-4602B28AF36D}"
EndProject
Project("{FAE04EC0-301F-11D3-BF4B-00C04F79EFBC}") = "PublicApi.DTO.v1", "PublicApi.DTO.v1\PublicApi.DTO.v1.csproj", "{61ABC831-0131-4860-BCB1-0201C4FC71E9}"
EndProject
Project("{FAE04EC0-301F-11D3-BF4B-00C04F79EFBC}") = "Domain.App", "Domain.App\Domain.App.csproj", "{A85D5096-6E0F-4C9D-81B1-405CA87BC3D0}"
EndProject
Project("{FAE04EC0-301F-11D3-BF4B-00C04F79EFBC}") = "DAL.App.DTO", "DAL.App.DTO\DAL.App.DTO.csproj", "{EA56F410-5440-4173-8345-69447CD24784}"
EndProject
Project("{FAE04EC0-301F-11D3-BF4B-00C04F79EFBC}") = "DAL.App.EF", "DAL.App.EF\DAL.App.EF.csproj", "{58BE20AB-28D0-46A8-AFEA-3397B85B6D95}"
EndProject
Project("{FAE04EC0-301F-11D3-BF4B-00C04F79EFBC}") = "Contracts.DAL.App", "Contracts.DAL.App\Contracts.DAL.App.csproj", "{09AC4027-EB9F-4678-979A-7F27C91FB192}"
EndProject
Project("{FAE04EC0-301F-11D3-BF4B-00C04F79EFBC}") = "BLL.App.DTO", "BLL.App.DTO\BLL.App.DTO.csproj", "{24752543-5CEA-4E1A-84A9-BB684115895E}"
EndProject
Project("{FAE04EC0-301F-11D3-BF4B-00C04F79EFBC}") = "BLL.App", "BLL.App\BLL.App.csproj", "{4BBFB0A8-0EC0-4386-8ED2-031424F8B8CB}"
EndProject
Project("{FAE04EC0-301F-11D3-BF4B-00C04F79EFBC}") = "Contracts.BLL.App", "Contracts.BLL.App\Contracts.BLL.App.csproj", "{2D63600B-5F39-4D8C-B397-4B68769C0FE8}"
EndProject
Project("{2150E333-8FDC-42A3-9474-1A3956D46DE8}") = "_Solution Items", "_Solution Items", "{C568EEA7-B7DC-4792-8135-35CF35DDAADB}"
ProjectSection(SolutionItems) = preProject
	Directory.Build.props = Directory.Build.props
EndProjectSection
EndProject
Project("{2150E333-8FDC-42A3-9474-1A3956D46DE8}") = "BLL", "BLL", "{1C8024C9-4536-4F46-A228-A32413E83855}"
EndProject
Project("{2150E333-8FDC-42A3-9474-1A3956D46DE8}") = "DAL", "DAL", "{32DC4011-F74B-4328-B175-9150075BFD21}"
EndProject
Project("{2150E333-8FDC-42A3-9474-1A3956D46DE8}") = "DOMAIN", "DOMAIN", "{31F33622-3FAD-4D9C-9687-944B0BDACD92}"
EndProject
Project("{2150E333-8FDC-42A3-9474-1A3956D46DE8}") = "DTO", "DTO", "{A6DDF104-8F5D-45DE-A2D8-62E26D9FE283}"
EndProject
Project("{FAE04EC0-301F-11D3-BF4B-00C04F79EFBC}") = "Extensions", "Extensions\Extensions.csproj", "{A49B3F78-DA53-42EF-B4E0-3B7057B2259E}"
EndProject
Global
	GlobalSection(SolutionConfigurationPlatforms) = preSolution
		Debug|Any CPU = Debug|Any CPU
		Release|Any CPU = Release|Any CPU
	EndGlobalSection
	GlobalSection(ProjectConfigurationPlatforms) = postSolution
		{5DB4F35B-6D1E-45CA-BE65-4602B28AF36D}.Debug|Any CPU.ActiveCfg = Debug|Any CPU
		{5DB4F35B-6D1E-45CA-BE65-4602B28AF36D}.Debug|Any CPU.Build.0 = Debug|Any CPU
		{5DB4F35B-6D1E-45CA-BE65-4602B28AF36D}.Release|Any CPU.ActiveCfg = Release|Any CPU
		{5DB4F35B-6D1E-45CA-BE65-4602B28AF36D}.Release|Any CPU.Build.0 = Release|Any CPU
		{61ABC831-0131-4860-BCB1-0201C4FC71E9}.Debug|Any CPU.ActiveCfg = Debug|Any CPU
		{61ABC831-0131-4860-BCB1-0201C4FC71E9}.Debug|Any CPU.Build.0 = Debug|Any CPU
		{61ABC831-0131-4860-BCB1-0201C4FC71E9}.Release|Any CPU.ActiveCfg = Release|Any CPU
		{61ABC831-0131-4860-BCB1-0201C4FC71E9}.Release|Any CPU.Build.0 = Release|Any CPU
		{A85D5096-6E0F-4C9D-81B1-405CA87BC3D0}.Debug|Any CPU.ActiveCfg = Debug|Any CPU
		{A85D5096-6E0F-4C9D-81B1-405CA87BC3D0}.Debug|Any CPU.Build.0 = Debug|Any CPU
		{A85D5096-6E0F-4C9D-81B1-405CA87BC3D0}.Release|Any CPU.ActiveCfg = Release|Any CPU
		{A85D5096-6E0F-4C9D-81B1-405CA87BC3D0}.Release|Any CPU.Build.0 = Release|Any CPU
		{EA56F410-5440-4173-8345-69447CD24784}.Debug|Any CPU.ActiveCfg = Debug|Any CPU
		{EA56F410-5440-4173-8345-69447CD24784}.Debug|Any CPU.Build.0 = Debug|Any CPU
		{EA56F410-5440-4173-8345-69447CD24784}.Release|Any CPU.ActiveCfg = Release|Any CPU
		{EA56F410-5440-4173-8345-69447CD24784}.Release|Any CPU.Build.0 = Release|Any CPU
		{58BE20AB-28D0-46A8-AFEA-3397B85B6D95}.Debug|Any CPU.ActiveCfg = Debug|Any CPU
		{58BE20AB-28D0-46A8-AFEA-3397B85B6D95}.Debug|Any CPU.Build.0 = Debug|Any CPU
		{58BE20AB-28D0-46A8-AFEA-3397B85B6D95}.Release|Any CPU.ActiveCfg = Release|Any CPU
		{58BE20AB-28D0-46A8-AFEA-3397B85B6D95}.Release|Any CPU.Build.0 = Release|Any CPU
		{09AC4027-EB9F-4678-979A-7F27C91FB192}.Debug|Any CPU.ActiveCfg = Debug|Any CPU
		{09AC4027-EB9F-4678-979A-7F27C91FB192}.Debug|Any CPU.Build.0 = Debug|Any CPU
		{09AC4027-EB9F-4678-979A-7F27C91FB192}.Release|Any CPU.ActiveCfg = Release|Any CPU
		{09AC4027-EB9F-4678-979A-7F27C91FB192}.Release|Any CPU.Build.0 = Release|Any CPU
		{24752543-5CEA-4E1A-84A9-BB684115895E}.Debug|Any CPU.ActiveCfg = Debug|Any CPU
		{24752543-5CEA-4E1A-84A9-BB684115895E}.Debug|Any CPU.Build.0 = Debug|Any CPU
		{24752543-5CEA-4E1A-84A9-BB684115895E}.Release|Any CPU.ActiveCfg = Release|Any CPU
		{24752543-5CEA-4E1A-84A9-BB684115895E}.Release|Any CPU.Build.0 = Release|Any CPU
		{4BBFB0A8-0EC0-4386-8ED2-031424F8B8CB}.Debug|Any CPU.ActiveCfg = Debug|Any CPU
		{4BBFB0A8-0EC0-4386-8ED2-031424F8B8CB}.Debug|Any CPU.Build.0 = Debug|Any CPU
		{4BBFB0A8-0EC0-4386-8ED2-031424F8B8CB}.Release|Any CPU.ActiveCfg = Release|Any CPU
		{4BBFB0A8-0EC0-4386-8ED2-031424F8B8CB}.Release|Any CPU.Build.0 = Release|Any CPU
		{2D63600B-5F39-4D8C-B397-4B68769C0FE8}.Debug|Any CPU.ActiveCfg = Debug|Any CPU
		{2D63600B-5F39-4D8C-B397-4B68769C0FE8}.Debug|Any CPU.Build.0 = Debug|Any CPU
		{2D63600B-5F39-4D8C-B397-4B68769C0FE8}.Release|Any CPU.ActiveCfg = Release|Any CPU
		{2D63600B-5F39-4D8C-B397-4B68769C0FE8}.Release|Any CPU.Build.0 = Release|Any CPU
		{A49B3F78-DA53-42EF-B4E0-3B7057B2259E}.Debug|Any CPU.ActiveCfg = Debug|Any CPU
		{A49B3F78-DA53-42EF-B4E0-3B7057B2259E}.Debug|Any CPU.Build.0 = Debug|Any CPU
		{A49B3F78-DA53-42EF-B4E0-3B7057B2259E}.Release|Any CPU.ActiveCfg = Release|Any CPU
		{A49B3F78-DA53-42EF-B4E0-3B7057B2259E}.Release|Any CPU.Build.0 = Release|Any CPU
	EndGlobalSection
	GlobalSection(NestedProjects) = preSolution
		{61ABC831-0131-4860-BCB1-0201C4FC71E9} = {A6DDF104-8F5D-45DE-A2D8-62E26D9FE283}
		{4BBFB0A8-0EC0-4386-8ED2-031424F8B8CB} = {1C8024C9-4536-4F46-A228-A32413E83855}
		{24752543-5CEA-4E1A-84A9-BB684115895E} = {1C8024C9-4536-4F46-A228-A32413E83855}
		{2D63600B-5F39-4D8C-B397-4B68769C0FE8} = {1C8024C9-4536-4F46-A228-A32413E83855}
		{09AC4027-EB9F-4678-979A-7F27C91FB192} = {32DC4011-F74B-4328-B175-9150075BFD21}
		{EA56F410-5440-4173-8345-69447CD24784} = {32DC4011-F74B-4328-B175-9150075BFD21}
		{58BE20AB-28D0-46A8-AFEA-3397B85B6D95} = {32DC4011-F74B-4328-B175-9150075BFD21}
		{A85D5096-6E0F-4C9D-81B1-405CA87BC3D0} = {31F33622-3FAD-4D9C-9687-944B0BDACD92}
	EndGlobalSection
EndGlobal
